
Microsoft Visual Studio Solution File, Format Version 12.00
# Visual Studio Version 17
VisualStudioVersion = 17.11.35327.3
MinimumVisualStudioVersion = 10.0.40219.1
Project("{FAE04EC0-301F-11D3-BF4B-00C04F79EFBC}") = "Blazor_Application1", "Blazor_Application1.csproj", "{9F8F4D0C-AD74-476F-B918-B9BF4685EFAC}"
EndProject
Global
	GlobalSection(SolutionConfigurationPlatforms) = preSolution
		Debug|Any CPU = Debug|Any CPU
		Release|Any CPU = Release|Any CPU
	EndGlobalSection
	GlobalSection(ProjectConfigurationPlatforms) = postSolution
		{9F8F4D0C-AD74-476F-B918-B9BF4685EFAC}.Debug|Any CPU.ActiveCfg = Debug|Any CPU
		{9F8F4D0C-AD74-476F-B918-B9BF4685EFAC}.Debug|Any CPU.Build.0 = Debug|Any CPU
		{9F8F4D0C-AD74-476F-B918-B9BF4685EFAC}.Release|Any CPU.ActiveCfg = Release|Any CPU
		{9F8F4D0C-AD74-476F-B918-B9BF4685EFAC}.Release|Any CPU.Build.0 = Release|Any CPU
	EndGlobalSection
	GlobalSection(SolutionProperties) = preSolution
		HideSolutionNode = FALSE
	EndGlobalSection
	GlobalSection(ExtensibilityGlobals) = postSolution
		SolutionGuid = {E4D799DD-FF06-439F-BA63-D78647AAC058}
	EndGlobalSection
EndGlobal
